// !$*UTF8*$!
{
	archiveVersion = 1;
	classes = {
	};
	objectVersion = 63;
	objects = {

/* Begin PBXBuildFile section */
		C60A0F8E2B92143900B87AB7 /* MapKit.framework in Frameworks */ = {isa = PBXBuildFile; fileRef = C60A0F8D2B92143900B87AB7 /* MapKit.framework */; };
		C67C267E2BA417B40050CC5E /* CoreLocation.framework in Frameworks */ = {isa = PBXBuildFile; fileRef = C67C267D2BA417B40050CC5E /* CoreLocation.framework */; };
		C69C882C2B8F53C700A7D8D2 /* AppDelegate.swift in Sources */ = {isa = PBXBuildFile; fileRef = C69C882B2B8F53C700A7D8D2 /* AppDelegate.swift */; };
		C69C882E2B8F53C700A7D8D2 /* SceneDelegate.swift in Sources */ = {isa = PBXBuildFile; fileRef = C69C882D2B8F53C700A7D8D2 /* SceneDelegate.swift */; };
		C69C88302B8F53C700A7D8D2 /* ViewController.swift in Sources */ = {isa = PBXBuildFile; fileRef = C69C882F2B8F53C700A7D8D2 /* ViewController.swift */; };
		C69C88332B8F53C700A7D8D2 /* Main.storyboard in Resources */ = {isa = PBXBuildFile; fileRef = C69C88312B8F53C700A7D8D2 /* Main.storyboard */; };
		C69C88352B8F53C900A7D8D2 /* Assets.xcassets in Resources */ = {isa = PBXBuildFile; fileRef = C69C88342B8F53C900A7D8D2 /* Assets.xcassets */; };
		C69C88382B8F53C900A7D8D2 /* LaunchScreen.storyboard in Resources */ = {isa = PBXBuildFile; fileRef = C69C88362B8F53C900A7D8D2 /* LaunchScreen.storyboard */; };
		C69C88432B8F53C900A7D8D2 /* weatherTests.swift in Sources */ = {isa = PBXBuildFile; fileRef = C69C88422B8F53C900A7D8D2 /* weatherTests.swift */; };
		C69C884D2B8F53C900A7D8D2 /* weatherUITests.swift in Sources */ = {isa = PBXBuildFile; fileRef = C69C884C2B8F53C900A7D8D2 /* weatherUITests.swift */; };
		C69C884F2B8F53C900A7D8D2 /* weatherUITestsLaunchTests.swift in Sources */ = {isa = PBXBuildFile; fileRef = C69C884E2B8F53C900A7D8D2 /* weatherUITestsLaunchTests.swift */; };
/* End PBXBuildFile section */

/* Begin PBXContainerItemProxy section */
		C69C883F2B8F53C900A7D8D2 /* PBXContainerItemProxy */ = {
			isa = PBXContainerItemProxy;
			containerPortal = C69C88202B8F53C700A7D8D2 /* Project object */;
			proxyType = 1;
			remoteGlobalIDString = C69C88272B8F53C700A7D8D2;
			remoteInfo = weather;
		};
		C69C88492B8F53C900A7D8D2 /* PBXContainerItemProxy */ = {
			isa = PBXContainerItemProxy;
			containerPortal = C69C88202B8F53C700A7D8D2 /* Project object */;
			proxyType = 1;
			remoteGlobalIDString = C69C88272B8F53C700A7D8D2;
			remoteInfo = weather;
		};
/* End PBXContainerItemProxy section */

/* Begin PBXFileReference section */
		C60A0F8A2B8F612B00B87AB7 /* map.png */ = {isa = PBXFileReference; lastKnownFileType = image.png; path = map.png; sourceTree = SOURCE_ROOT; };
		C60A0F8D2B92143900B87AB7 /* MapKit.framework */ = {isa = PBXFileReference; lastKnownFileType = wrapper.framework; name = MapKit.framework; path = System/Library/Frameworks/MapKit.framework; sourceTree = SDKROOT; };
		C67C267D2BA417B40050CC5E /* CoreLocation.framework */ = {isa = PBXFileReference; lastKnownFileType = wrapper.framework; name = CoreLocation.framework; path = System/Library/Frameworks/CoreLocation.framework; sourceTree = SDKROOT; };
		C69C88282B8F53C700A7D8D2 /* weather.app */ = {isa = PBXFileReference; explicitFileType = wrapper.application; includeInIndex = 0; path = weather.app; sourceTree = BUILT_PRODUCTS_DIR; };
		C69C882B2B8F53C700A7D8D2 /* AppDelegate.swift */ = {isa = PBXFileReference; lastKnownFileType = sourcecode.swift; path = AppDelegate.swift; sourceTree = "<group>"; };
		C69C882D2B8F53C700A7D8D2 /* SceneDelegate.swift */ = {isa = PBXFileReference; lastKnownFileType = sourcecode.swift; path = SceneDelegate.swift; sourceTree = "<group>"; };
		C69C882F2B8F53C700A7D8D2 /* ViewController.swift */ = {isa = PBXFileReference; lastKnownFileType = sourcecode.swift; path = ViewController.swift; sourceTree = "<group>"; };
		C69C88322B8F53C700A7D8D2 /* Base */ = {isa = PBXFileReference; lastKnownFileType = file.storyboard; name = Base; path = Base.lproj/Main.storyboard; sourceTree = "<group>"; };
		C69C88342B8F53C900A7D8D2 /* Assets.xcassets */ = {isa = PBXFileReference; lastKnownFileType = folder.assetcatalog; path = Assets.xcassets; sourceTree = "<group>"; };
		C69C88372B8F53C900A7D8D2 /* Base */ = {isa = PBXFileReference; lastKnownFileType = file.storyboard; name = Base; path = Base.lproj/LaunchScreen.storyboard; sourceTree = "<group>"; };
		C69C88392B8F53C900A7D8D2 /* Info.plist */ = {isa = PBXFileReference; lastKnownFileType = text.plist.xml; path = Info.plist; sourceTree = "<group>"; };
		C69C883E2B8F53C900A7D8D2 /* weatherTests.xctest */ = {isa = PBXFileReference; explicitFileType = wrapper.cfbundle; includeInIndex = 0; path = weatherTests.xctest; sourceTree = BUILT_PRODUCTS_DIR; };
		C69C88422B8F53C900A7D8D2 /* weatherTests.swift */ = {isa = PBXFileReference; lastKnownFileType = sourcecode.swift; path = weatherTests.swift; sourceTree = "<group>"; };
		C69C88482B8F53C900A7D8D2 /* weatherUITests.xctest */ = {isa = PBXFileReference; explicitFileType = wrapper.cfbundle; includeInIndex = 0; path = weatherUITests.xctest; sourceTree = BUILT_PRODUCTS_DIR; };
		C69C884C2B8F53C900A7D8D2 /* weatherUITests.swift */ = {isa = PBXFileReference; lastKnownFileType = sourcecode.swift; path = weatherUITests.swift; sourceTree = "<group>"; };
		C69C884E2B8F53C900A7D8D2 /* weatherUITestsLaunchTests.swift */ = {isa = PBXFileReference; lastKnownFileType = sourcecode.swift; path = weatherUITestsLaunchTests.swift; sourceTree = "<group>"; };
/* End PBXFileReference section */

/* Begin PBXFrameworksBuildPhase section */
		C69C88252B8F53C700A7D8D2 /* Frameworks */ = {
			isa = PBXFrameworksBuildPhase;
			buildActionMask = 2147483647;
			files = (
				C67C267E2BA417B40050CC5E /* CoreLocation.framework in Frameworks */,
				C60A0F8E2B92143900B87AB7 /* MapKit.framework in Frameworks */,
			);
			runOnlyForDeploymentPostprocessing = 0;
		};
		C69C883B2B8F53C900A7D8D2 /* Frameworks */ = {
			isa = PBXFrameworksBuildPhase;
			buildActionMask = 2147483647;
			files = (
			);
			runOnlyForDeploymentPostprocessing = 0;
		};
		C69C88452B8F53C900A7D8D2 /* Frameworks */ = {
			isa = PBXFrameworksBuildPhase;
			buildActionMask = 2147483647;
			files = (
			);
			runOnlyForDeploymentPostprocessing = 0;
		};
/* End PBXFrameworksBuildPhase section */

/* Begin PBXGroup section */
		C60A0F8C2B92143900B87AB7 /* Frameworks */ = {
			isa = PBXGroup;
			children = (
				C67C267D2BA417B40050CC5E /* CoreLocation.framework */,
				C60A0F8D2B92143900B87AB7 /* MapKit.framework */,
			);
			name = Frameworks;
			sourceTree = "<group>";
		};
		C69C881F2B8F53C700A7D8D2 = {
			isa = PBXGroup;
			children = (
				C69C882A2B8F53C700A7D8D2 /* weather */,
				C69C88412B8F53C900A7D8D2 /* weatherTests */,
				C69C884B2B8F53C900A7D8D2 /* weatherUITests */,
				C69C88292B8F53C700A7D8D2 /* Products */,
				C60A0F8C2B92143900B87AB7 /* Frameworks */,
			);
			sourceTree = "<group>";
			wrapsLines = 1;
		};
		C69C88292B8F53C700A7D8D2 /* Products */ = {
			isa = PBXGroup;
			children = (
				C69C88282B8F53C700A7D8D2 /* weather.app */,
				C69C883E2B8F53C900A7D8D2 /* weatherTests.xctest */,
				C69C88482B8F53C900A7D8D2 /* weatherUITests.xctest */,
			);
			name = Products;
			sourceTree = "<group>";
		};
		C69C882A2B8F53C700A7D8D2 /* weather */ = {
			isa = PBXGroup;
			children = (
				C69C882B2B8F53C700A7D8D2 /* AppDelegate.swift */,
				C69C882D2B8F53C700A7D8D2 /* SceneDelegate.swift */,
				C69C882F2B8F53C700A7D8D2 /* ViewController.swift */,
				C69C88312B8F53C700A7D8D2 /* Main.storyboard */,
				C69C88342B8F53C900A7D8D2 /* Assets.xcassets */,
				C69C88362B8F53C900A7D8D2 /* LaunchScreen.storyboard */,
				C69C88392B8F53C900A7D8D2 /* Info.plist */,
				C60A0F8A2B8F612B00B87AB7 /* map.png */,
			);
			path = weather;
			sourceTree = "<group>";
		};
		C69C88412B8F53C900A7D8D2 /* weatherTests */ = {
			isa = PBXGroup;
			children = (
				C69C88422B8F53C900A7D8D2 /* weatherTests.swift */,
			);
			path = weatherTests;
			sourceTree = "<group>";
		};
		C69C884B2B8F53C900A7D8D2 /* weatherUITests */ = {
			isa = PBXGroup;
			children = (
				C69C884C2B8F53C900A7D8D2 /* weatherUITests.swift */,
				C69C884E2B8F53C900A7D8D2 /* weatherUITestsLaunchTests.swift */,
			);
			path = weatherUITests;
			sourceTree = "<group>";
		};
/* End PBXGroup section */

/* Begin PBXNativeTarget section */
		C69C88272B8F53C700A7D8D2 /* weather */ = {
			isa = PBXNativeTarget;
			buildConfigurationList = C69C88522B8F53C900A7D8D2 /* Build configuration list for PBXNativeTarget "weather" */;
			buildPhases = (
				C69C88242B8F53C700A7D8D2 /* Sources */,
				C69C88252B8F53C700A7D8D2 /* Frameworks */,
				C69C88262B8F53C700A7D8D2 /* Resources */,
			);
			buildRules = (
			);
			dependencies = (
			);
			name = weather;
			productName = weather;
			productReference = C69C88282B8F53C700A7D8D2 /* weather.app */;
			productType = "com.apple.product-type.application";
		};
		C69C883D2B8F53C900A7D8D2 /* weatherTests */ = {
			isa = PBXNativeTarget;
			buildConfigurationList = C69C88552B8F53C900A7D8D2 /* Build configuration list for PBXNativeTarget "weatherTests" */;
			buildPhases = (
				C69C883A2B8F53C900A7D8D2 /* Sources */,
				C69C883B2B8F53C900A7D8D2 /* Frameworks */,
				C69C883C2B8F53C900A7D8D2 /* Resources */,
			);
			buildRules = (
			);
			dependencies = (
				C69C88402B8F53C900A7D8D2 /* PBXTargetDependency */,
			);
			name = weatherTests;
			productName = weatherTests;
			productReference = C69C883E2B8F53C900A7D8D2 /* weatherTests.xctest */;
			productType = "com.apple.product-type.bundle.unit-test";
		};
		C69C88472B8F53C900A7D8D2 /* weatherUITests */ = {
			isa = PBXNativeTarget;
			buildConfigurationList = C69C88582B8F53C900A7D8D2 /* Build configuration list for PBXNativeTarget "weatherUITests" */;
			buildPhases = (
				C69C88442B8F53C900A7D8D2 /* Sources */,
				C69C88452B8F53C900A7D8D2 /* Frameworks */,
				C69C88462B8F53C900A7D8D2 /* Resources */,
			);
			buildRules = (
			);
			dependencies = (
				C69C884A2B8F53C900A7D8D2 /* PBXTargetDependency */,
			);
			name = weatherUITests;
			productName = weatherUITests;
			productReference = C69C88482B8F53C900A7D8D2 /* weatherUITests.xctest */;
			productType = "com.apple.product-type.bundle.ui-testing";
		};
/* End PBXNativeTarget section */

/* Begin PBXProject section */
		C69C88202B8F53C700A7D8D2 /* Project object */ = {
			isa = PBXProject;
			attributes = {
				BuildIndependentTargetsInParallel = 1;
				LastSwiftUpdateCheck = 1520;
				LastUpgradeCheck = 1520;
				TargetAttributes = {
					C69C88272B8F53C700A7D8D2 = {
						CreatedOnToolsVersion = 15.2;
					};
					C69C883D2B8F53C900A7D8D2 = {
						CreatedOnToolsVersion = 15.2;
						TestTargetID = C69C88272B8F53C700A7D8D2;
					};
					C69C88472B8F53C900A7D8D2 = {
						CreatedOnToolsVersion = 15.2;
						TestTargetID = C69C88272B8F53C700A7D8D2;
					};
				};
			};
			buildConfigurationList = C69C88232B8F53C700A7D8D2 /* Build configuration list for PBXProject "weather" */;
			compatibilityVersion = "Xcode 15.3";
			developmentRegion = en;
			hasScannedForEncodings = 0;
			knownRegions = (
				en,
				Base,
			);
			mainGroup = C69C881F2B8F53C700A7D8D2;
			productRefGroup = C69C88292B8F53C700A7D8D2 /* Products */;
			projectDirPath = "";
			projectRoot = "";
			targets = (
				C69C88272B8F53C700A7D8D2 /* weather */,
				C69C883D2B8F53C900A7D8D2 /* weatherTests */,
				C69C88472B8F53C900A7D8D2 /* weatherUITests */,
			);
		};
/* End PBXProject section */

/* Begin PBXResourcesBuildPhase section */
		C69C88262B8F53C700A7D8D2 /* Resources */ = {
			isa = PBXResourcesBuildPhase;
			buildActionMask = 2147483647;
			files = (
				C69C88382B8F53C900A7D8D2 /* LaunchScreen.storyboard in Resources */,
				C69C88352B8F53C900A7D8D2 /* Assets.xcassets in Resources */,
				C69C88332B8F53C700A7D8D2 /* Main.storyboard in Resources */,
			);
			runOnlyForDeploymentPostprocessing = 0;
		};
		C69C883C2B8F53C900A7D8D2 /* Resources */ = {
			isa = PBXResourcesBuildPhase;
			buildActionMask = 2147483647;
			files = (
			);
			runOnlyForDeploymentPostprocessing = 0;
		};
		C69C88462B8F53C900A7D8D2 /* Resources */ = {
			isa = PBXResourcesBuildPhase;
			buildActionMask = 2147483647;
			files = (
			);
			runOnlyForDeploymentPostprocessing = 0;
		};
/* End PBXResourcesBuildPhase section */

/* Begin PBXSourcesBuildPhase section */
		C69C88242B8F53C700A7D8D2 /* Sources */ = {
			isa = PBXSourcesBuildPhase;
			buildActionMask = 2147483647;
			files = (
				C69C88302B8F53C700A7D8D2 /* ViewController.swift in Sources */,
				C69C882C2B8F53C700A7D8D2 /* AppDelegate.swift in Sources */,
				C69C882E2B8F53C700A7D8D2 /* SceneDelegate.swift in Sources */,
			);
			runOnlyForDeploymentPostprocessing = 0;
		};
		C69C883A2B8F53C900A7D8D2 /* Sources */ = {
			isa = PBXSourcesBuildPhase;
			buildActionMask = 2147483647;
			files = (
				C69C88432B8F53C900A7D8D2 /* weatherTests.swift in Sources */,
			);
			runOnlyForDeploymentPostprocessing = 0;
		};
		C69C88442B8F53C900A7D8D2 /* Sources */ = {
			isa = PBXSourcesBuildPhase;
			buildActionMask = 2147483647;
			files = (
				C69C884D2B8F53C900A7D8D2 /* weatherUITests.swift in Sources */,
				C69C884F2B8F53C900A7D8D2 /* weatherUITestsLaunchTests.swift in Sources */,
			);
			runOnlyForDeploymentPostprocessing = 0;
		};
/* End PBXSourcesBuildPhase section */

/* Begin PBXTargetDependency section */
		C69C88402B8F53C900A7D8D2 /* PBXTargetDependency */ = {
			isa = PBXTargetDependency;
			target = C69C88272B8F53C700A7D8D2 /* weather */;
			targetProxy = C69C883F2B8F53C900A7D8D2 /* PBXContainerItemProxy */;
		};
		C69C884A2B8F53C900A7D8D2 /* PBXTargetDependency */ = {
			isa = PBXTargetDependency;
			target = C69C88272B8F53C700A7D8D2 /* weather */;
			targetProxy = C69C88492B8F53C900A7D8D2 /* PBXContainerItemProxy */;
		};
/* End PBXTargetDependency section */

/* Begin PBXVariantGroup section */
		C69C88312B8F53C700A7D8D2 /* Main.storyboard */ = {
			isa = PBXVariantGroup;
			children = (
				C69C88322B8F53C700A7D8D2 /* Base */,
			);
			name = Main.storyboard;
			sourceTree = "<group>";
		};
		C69C88362B8F53C900A7D8D2 /* LaunchScreen.storyboard */ = {
			isa = PBXVariantGroup;
			children = (
				C69C88372B8F53C900A7D8D2 /* Base */,
			);
			name = LaunchScreen.storyboard;
			sourceTree = "<group>";
		};
/* End PBXVariantGroup section */

/* Begin XCBuildConfiguration section */
		C69C88502B8F53C900A7D8D2 /* Debug */ = {
			isa = XCBuildConfiguration;
			buildSettings = {
				ALWAYS_SEARCH_USER_PATHS = NO;
				ASSETCATALOG_COMPILER_GENERATE_SWIFT_ASSET_SYMBOL_EXTENSIONS = YES;
				CLANG_ANALYZER_NONNULL = YES;
				CLANG_ANALYZER_NUMBER_OBJECT_CONVERSION = YES_AGGRESSIVE;
				CLANG_CXX_LANGUAGE_STANDARD = "gnu++20";
				CLANG_ENABLE_MODULES = YES;
				CLANG_ENABLE_OBJC_ARC = YES;
				CLANG_ENABLE_OBJC_WEAK = YES;
				CLANG_WARN_BLOCK_CAPTURE_AUTORELEASING = YES;
				CLANG_WARN_BOOL_CONVERSION = YES;
				CLANG_WARN_COMMA = YES;
				CLANG_WARN_CONSTANT_CONVERSION = YES;
				CLANG_WARN_DEPRECATED_OBJC_IMPLEMENTATIONS = YES;
				CLANG_WARN_DIRECT_OBJC_ISA_USAGE = YES_ERROR;
				CLANG_WARN_DOCUMENTATION_COMMENTS = YES;
				CLANG_WARN_EMPTY_BODY = YES;
				CLANG_WARN_ENUM_CONVERSION = YES;
				CLANG_WARN_INFINITE_RECURSION = YES;
				CLANG_WARN_INT_CONVERSION = YES;
				CLANG_WARN_NON_LITERAL_NULL_CONVERSION = YES;
				CLANG_WARN_OBJC_IMPLICIT_RETAIN_SELF = YES;
				CLANG_WARN_OBJC_LITERAL_CONVERSION = YES;
				CLANG_WARN_OBJC_ROOT_CLASS = YES_ERROR;
				CLANG_WARN_QUOTED_INCLUDE_IN_FRAMEWORK_HEADER = YES;
				CLANG_WARN_RANGE_LOOP_ANALYSIS = YES;
				CLANG_WARN_STRICT_PROTOTYPES = YES;
				CLANG_WARN_SUSPICIOUS_MOVE = YES;
				CLANG_WARN_UNGUARDED_AVAILABILITY = YES_AGGRESSIVE;
				CLANG_WARN_UNREACHABLE_CODE = YES;
				CLANG_WARN__DUPLICATE_METHOD_MATCH = YES;
				COPY_PHASE_STRIP = NO;
				DEBUG_INFORMATION_FORMAT = dwarf;
				ENABLE_STRICT_OBJC_MSGSEND = YES;
				ENABLE_TESTABILITY = YES;
				ENABLE_USER_SCRIPT_SANDBOXING = YES;
				GCC_C_LANGUAGE_STANDARD = gnu17;
				GCC_DYNAMIC_NO_PIC = NO;
				GCC_NO_COMMON_BLOCKS = YES;
				GCC_OPTIMIZATION_LEVEL = 0;
				GCC_PREPROCESSOR_DEFINITIONS = (
					"DEBUG=1",
					"$(inherited)",
				);
				GCC_WARN_64_TO_32_BIT_CONVERSION = YES;
				GCC_WARN_ABOUT_RETURN_TYPE = YES_ERROR;
				GCC_WARN_UNDECLARED_SELECTOR = YES;
				GCC_WARN_UNINITIALIZED_AUTOS = YES_AGGRESSIVE;
				GCC_WARN_UNUSED_FUNCTION = YES;
				GCC_WARN_UNUSED_VARIABLE = YES;
				IPHONEOS_DEPLOYMENT_TARGET = 17.2;
				LOCALIZATION_PREFERS_STRING_CATALOGS = YES;
				MTL_ENABLE_DEBUG_INFO = INCLUDE_SOURCE;
				MTL_FAST_MATH = YES;
				ONLY_ACTIVE_ARCH = YES;
				SDKROOT = iphoneos;
				SWIFT_ACTIVE_COMPILATION_CONDITIONS = "DEBUG $(inherited)";
				SWIFT_OPTIMIZATION_LEVEL = "-Onone";
			};
			name = Debug;
		};
		C69C88512B8F53C900A7D8D2 /* Release */ = {
			isa = XCBuildConfiguration;
			buildSettings = {
				ALWAYS_SEARCH_USER_PATHS = NO;
				ASSETCATALOG_COMPILER_GENERATE_SWIFT_ASSET_SYMBOL_EXTENSIONS = YES;
				CLANG_ANALYZER_NONNULL = YES;
				CLANG_ANALYZER_NUMBER_OBJECT_CONVERSION = YES_AGGRESSIVE;
				CLANG_CXX_LANGUAGE_STANDARD = "gnu++20";
				CLANG_ENABLE_MODULES = YES;
				CLANG_ENABLE_OBJC_ARC = YES;
				CLANG_ENABLE_OBJC_WEAK = YES;
				CLANG_WARN_BLOCK_CAPTURE_AUTORELEASING = YES;
				CLANG_WARN_BOOL_CONVERSION = YES;
				CLANG_WARN_COMMA = YES;
				CLANG_WARN_CONSTANT_CONVERSION = YES;
				CLANG_WARN_DEPRECATED_OBJC_IMPLEMENTATIONS = YES;
				CLANG_WARN_DIRECT_OBJC_ISA_USAGE = YES_ERROR;
				CLANG_WARN_DOCUMENTATION_COMMENTS = YES;
				CLANG_WARN_EMPTY_BODY = YES;
				CLANG_WARN_ENUM_CONVERSION = YES;
				CLANG_WARN_INFINITE_RECURSION = YES;
				CLANG_WARN_INT_CONVERSION = YES;
				CLANG_WARN_NON_LITERAL_NULL_CONVERSION = YES;
				CLANG_WARN_OBJC_IMPLICIT_RETAIN_SELF = YES;
				CLANG_WARN_OBJC_LITERAL_CONVERSION = YES;
				CLANG_WARN_OBJC_ROOT_CLASS = YES_ERROR;
				CLANG_WARN_QUOTED_INCLUDE_IN_FRAMEWORK_HEADER = YES;
				CLANG_WARN_RANGE_LOOP_ANALYSIS = YES;
				CLANG_WARN_STRICT_PROTOTYPES = YES;
				CLANG_WARN_SUSPICIOUS_MOVE = YES;
				CLANG_WARN_UNGUARDED_AVAILABILITY = YES_AGGRESSIVE;
				CLANG_WARN_UNREACHABLE_CODE = YES;
				CLANG_WARN__DUPLICATE_METHOD_MATCH = YES;
				COPY_PHASE_STRIP = NO;
				DEBUG_INFORMATION_FORMAT = "dwarf-with-dsym";
				ENABLE_NS_ASSERTIONS = NO;
				ENABLE_STRICT_OBJC_MSGSEND = YES;
				ENABLE_USER_SCRIPT_SANDBOXING = YES;
				GCC_C_LANGUAGE_STANDARD = gnu17;
				GCC_NO_COMMON_BLOCKS = YES;
				GCC_WARN_64_TO_32_BIT_CONVERSION = YES;
				GCC_WARN_ABOUT_RETURN_TYPE = YES_ERROR;
				GCC_WARN_UNDECLARED_SELECTOR = YES;
				GCC_WARN_UNINITIALIZED_AUTOS = YES_AGGRESSIVE;
				GCC_WARN_UNUSED_FUNCTION = YES;
				GCC_WARN_UNUSED_VARIABLE = YES;
				IPHONEOS_DEPLOYMENT_TARGET = 17.2;
				LOCALIZATION_PREFERS_STRING_CATALOGS = YES;
				MTL_ENABLE_DEBUG_INFO = NO;
				MTL_FAST_MATH = YES;
				SDKROOT = iphoneos;
				SWIFT_COMPILATION_MODE = wholemodule;
				VALIDATE_PRODUCT = YES;
			};
			name = Release;
		};
		C69C88532B8F53C900A7D8D2 /* Debug */ = {
			isa = XCBuildConfiguration;
			buildSettings = {
				ASSETCATALOG_COMPILER_APPICON_NAME = AppIcon;
				ASSETCATALOG_COMPILER_GLOBAL_ACCENT_COLOR_NAME = AccentColor;
				CODE_SIGN_STYLE = Automatic;
				CURRENT_PROJECT_VERSION = 1;
				GENERATE_INFOPLIST_FILE = YES;
				INFOPLIST_FILE = weather/Info.plist;
				INFOPLIST_KEY_UIApplicationSupportsIndirectInputEvents = YES;
				INFOPLIST_KEY_UILaunchStoryboardName = LaunchScreen;
				INFOPLIST_KEY_UIMainStoryboardFile = Main;
				INFOPLIST_KEY_UISupportedInterfaceOrientations_iPad = "UIInterfaceOrientationPortrait UIInterfaceOrientationPortraitUpsideDown UIInterfaceOrientationLandscapeLeft UIInterfaceOrientationLandscapeRight";
				INFOPLIST_KEY_UISupportedInterfaceOrientations_iPhone = "UIInterfaceOrientationPortrait UIInterfaceOrientationLandscapeLeft UIInterfaceOrientationLandscapeRight";
				IPHONEOS_DEPLOYMENT_TARGET = 17.2;
				LD_RUNPATH_SEARCH_PATHS = (
					"$(inherited)",
					"@executable_path/Frameworks",
				);
				MARKETING_VERSION = 1.0;
				PRODUCT_BUNDLE_IDENTIFIER = SORANOKOSUke.weather;
				PRODUCT_NAME = "$(TARGET_NAME)";
				SWIFT_EMIT_LOC_STRINGS = YES;
				SWIFT_VERSION = 5.0;
				TARGETED_DEVICE_FAMILY = "1,2";
			};
			name = Debug;
		};
		C69C88542B8F53C900A7D8D2 /* Release */ = {
			isa = XCBuildConfiguration;
			buildSettings = {
				ASSETCATALOG_COMPILER_APPICON_NAME = AppIcon;
				ASSETCATALOG_COMPILER_GLOBAL_ACCENT_COLOR_NAME = AccentColor;
				CODE_SIGN_STYLE = Automatic;
				CURRENT_PROJECT_VERSION = 1;
				GENERATE_INFOPLIST_FILE = YES;
				INFOPLIST_FILE = weather/Info.plist;
				INFOPLIST_KEY_UIApplicationSupportsIndirectInputEvents = YES;
				INFOPLIST_KEY_UILaunchStoryboardName = LaunchScreen;
				INFOPLIST_KEY_UIMainStoryboardFile = Main;
				INFOPLIST_KEY_UISupportedInterfaceOrientations_iPad = "UIInterfaceOrientationPortrait UIInterfaceOrientationPortraitUpsideDown UIInterfaceOrientationLandscapeLeft UIInterfaceOrientationLandscapeRight";
				INFOPLIST_KEY_UISupportedInterfaceOrientations_iPhone = "UIInterfaceOrientationPortrait UIInterfaceOrientationLandscapeLeft UIInterfaceOrientationLandscapeRight";
				IPHONEOS_DEPLOYMENT_TARGET = 17.2;
				LD_RUNPATH_SEARCH_PATHS = (
					"$(inherited)",
					"@executable_path/Frameworks",
				);
				MARKETING_VERSION = 1.0;
				PRODUCT_BUNDLE_IDENTIFIER = SORANOKOSUke.weather;
				PRODUCT_NAME = "$(TARGET_NAME)";
				SWIFT_EMIT_LOC_STRINGS = YES;
				SWIFT_VERSION = 5.0;
				TARGETED_DEVICE_FAMILY = "1,2";
			};
			name = Release;
		};
		C69C88562B8F53C900A7D8D2 /* Debug */ = {
			isa = XCBuildConfiguration;
			buildSettings = {
				ALWAYS_EMBED_SWIFT_STANDARD_LIBRARIES = YES;
				BUNDLE_LOADER = "$(TEST_HOST)";
				CODE_SIGN_STYLE = Automatic;
				CURRENT_PROJECT_VERSION = 1;
				GENERATE_INFOPLIST_FILE = YES;
				IPHONEOS_DEPLOYMENT_TARGET = 17.2;
				MARKETING_VERSION = 1.0;
				PRODUCT_BUNDLE_IDENTIFIER = SORANOKOSUke.weatherTests;
				PRODUCT_NAME = "$(TARGET_NAME)";
				SWIFT_EMIT_LOC_STRINGS = NO;
				SWIFT_VERSION = 5.0;
				TARGETED_DEVICE_FAMILY = "1,2";
				TEST_HOST = "$(BUILT_PRODUCTS_DIR)/weather.app/$(BUNDLE_EXECUTABLE_FOLDER_PATH)/weather";
			};
			name = Debug;
		};
		C69C88572B8F53C900A7D8D2 /* Release */ = {
			isa = XCBuildConfiguration;
			buildSettings = {
				ALWAYS_EMBED_SWIFT_STANDARD_LIBRARIES = YES;
				BUNDLE_LOADER = "$(TEST_HOST)";
				CODE_SIGN_STYLE = Automatic;
				CURRENT_PROJECT_VERSION = 1;
				GENERATE_INFOPLIST_FILE = YES;
				IPHONEOS_DEPLOYMENT_TARGET = 17.2;
				MARKETING_VERSION = 1.0;
				PRODUCT_BUNDLE_IDENTIFIER = SORANOKOSUke.weatherTests;
				PRODUCT_NAME = "$(TARGET_NAME)";
				SWIFT_EMIT_LOC_STRINGS = NO;
				SWIFT_VERSION = 5.0;
				TARGETED_DEVICE_FAMILY = "1,2";
				TEST_HOST = "$(BUILT_PRODUCTS_DIR)/weather.app/$(BUNDLE_EXECUTABLE_FOLDER_PATH)/weather";
			};
			name = Release;
		};
		C69C88592B8F53C900A7D8D2 /* Debug */ = {
			isa = XCBuildConfiguration;
			buildSettings = {
				ALWAYS_EMBED_SWIFT_STANDARD_LIBRARIES = YES;
				CODE_SIGN_STYLE = Automatic;
				CURRENT_PROJECT_VERSION = 1;
				GENERATE_INFOPLIST_FILE = YES;
				MARKETING_VERSION = 1.0;
				PRODUCT_BUNDLE_IDENTIFIER = SORANOKOSUke.weatherUITests;
				PRODUCT_NAME = "$(TARGET_NAME)";
				SWIFT_EMIT_LOC_STRINGS = NO;
				SWIFT_VERSION = 5.0;
				TARGETED_DEVICE_FAMILY = "1,2";
				TEST_TARGET_NAME = weather;
			};
			name = Debug;
		};
		C69C885A2B8F53C900A7D8D2 /* Release */ = {
			isa = XCBuildConfiguration;
			buildSettings = {
				ALWAYS_EMBED_SWIFT_STANDARD_LIBRARIES = YES;
				CODE_SIGN_STYLE = Automatic;
				CURRENT_PROJECT_VERSION = 1;
				GENERATE_INFOPLIST_FILE = YES;
				MARKETING_VERSION = 1.0;
				PRODUCT_BUNDLE_IDENTIFIER = SORANOKOSUke.weatherUITests;
				PRODUCT_NAME = "$(TARGET_NAME)";
				SWIFT_EMIT_LOC_STRINGS = NO;
				SWIFT_VERSION = 5.0;
				TARGETED_DEVICE_FAMILY = "1,2";
				TEST_TARGET_NAME = weather;
			};
			name = Release;
		};
/* End XCBuildConfiguration section */

/* Begin XCConfigurationList section */
		C69C88232B8F53C700A7D8D2 /* Build configuration list for PBXProject "weather" */ = {
			isa = XCConfigurationList;
			buildConfigurations = (
				C69C88502B8F53C900A7D8D2 /* Debug */,
				C69C88512B8F53C900A7D8D2 /* Release */,
			);
			defaultConfigurationIsVisible = 0;
			defaultConfigurationName = Release;
		};
		C69C88522B8F53C900A7D8D2 /* Build configuration list for PBXNativeTarget "weather" */ = {
			isa = XCConfigurationList;
			buildConfigurations = (
				C69C88532B8F53C900A7D8D2 /* Debug */,
				C69C88542B8F53C900A7D8D2 /* Release */,
			);
			defaultConfigurationIsVisible = 0;
			defaultConfigurationName = Release;
		};
		C69C88552B8F53C900A7D8D2 /* Build configuration list for PBXNativeTarget "weatherTests" */ = {
			isa = XCConfigurationList;
			buildConfigurations = (
				C69C88562B8F53C900A7D8D2 /* Debug */,
				C69C88572B8F53C900A7D8D2 /* Release */,
			);
			defaultConfigurationIsVisible = 0;
			defaultConfigurationName = Release;
		};
		C69C88582B8F53C900A7D8D2 /* Build configuration list for PBXNativeTarget "weatherUITests" */ = {
			isa = XCConfigurationList;
			buildConfigurations = (
				C69C88592B8F53C900A7D8D2 /* Debug */,
				C69C885A2B8F53C900A7D8D2 /* Release */,
			);
			defaultConfigurationIsVisible = 0;
			defaultConfigurationName = Release;
		};
/* End XCConfigurationList section */
	};
	rootObject = C69C88202B8F53C700A7D8D2 /* Project object */;
}
